// !$*UTF8*$!
{
	archiveVersion = 1;
	classes = {
	};
	objectVersion = 50;
	objects = {

/* Begin PBXBuildFile section */
		523F7C1929127F1700AA53D4 /* isMatch2.swift in Sources */ = {isa = PBXBuildFile; fileRef = 523F7C1829127F1700AA53D4 /* isMatch2.swift */; };
		523F7C1C29127F7B00AA53D4 /* String+Extension.swift in Sources */ = {isa = PBXBuildFile; fileRef = 523F7C1B29127F4600AA53D4 /* String+Extension.swift */; };
		523F7C1E291280DA00AA53D4 /* bestCoordinate.swift in Sources */ = {isa = PBXBuildFile; fileRef = 523F7C1D291280DA00AA53D4 /* bestCoordinate.swift */; };
		523F7C202913668F00AA53D4 /* maxRepeating.swift in Sources */ = {isa = PBXBuildFile; fileRef = 523F7C1F2913668F00AA53D4 /* maxRepeating.swift */; };
		524D85032A98AA55004A6ACB /* goodNodes.swift in Sources */ = {isa = PBXBuildFile; fileRef = 524D85022A98AA55004A6ACB /* goodNodes.swift */; };
		524D85072A9C8E5A004A6ACB /* insertIntervals.swift in Sources */ = {isa = PBXBuildFile; fileRef = 524D85062A9C8E5A004A6ACB /* insertIntervals.swift */; };
		5267AD942A936CB30067B386 /* SortChecking.swift in Sources */ = {isa = PBXBuildFile; fileRef = 5267AD932A936CB30067B386 /* SortChecking.swift */; };
		5267AD9C2A94A3860067B386 /* maxDistToClosest.swift in Sources */ = {isa = PBXBuildFile; fileRef = 5267AD9B2A94A3860067B386 /* maxDistToClosest.swift */; };
		5267ADBC2A9753760067B386 /* countPairs.swift in Sources */ = {isa = PBXBuildFile; fileRef = 5267ADBB2A9753760067B386 /* countPairs.swift */; };
		5267ADC02A9763A80067B386 /* BinarySearch.swift in Sources */ = {isa = PBXBuildFile; fileRef = 5267ADBF2A9763A80067B386 /* BinarySearch.swift */; };
		5286D8F929225124004FD91C /* splitArraySameAverage.swift in Sources */ = {isa = PBXBuildFile; fileRef = 5286D8F829225124004FD91C /* splitArraySameAverage.swift */; };
		529E3106291374FD00585962 /* generateParenthesis.swift in Sources */ = {isa = PBXBuildFile; fileRef = 529E3105291374FD00585962 /* generateParenthesis.swift */; };
		529E31082913CC8A00585962 /* intToRoman.swift in Sources */ = {isa = PBXBuildFile; fileRef = 529E31072913CC8A00585962 /* intToRoman.swift */; };
		52EA6C812A8A36B900C99CA9 /* MergeTrees.swift in Sources */ = {isa = PBXBuildFile; fileRef = 52EA6C802A8A36B900C99CA9 /* MergeTrees.swift */; };
		52EA6C872A8B582900C99CA9 /* findReplaceString.swift in Sources */ = {isa = PBXBuildFile; fileRef = 52EA6C862A8B582900C99CA9 /* findReplaceString.swift */; };
		52EA6C892A8B713700C99CA9 /* longestValidParentheses.swift in Sources */ = {isa = PBXBuildFile; fileRef = 52EA6C882A8B713700C99CA9 /* longestValidParentheses.swift */; };
		52EA6C902A8CE76400C99CA9 /* MergeSort.swift in Sources */ = {isa = PBXBuildFile; fileRef = 52EA6C8F2A8CE76400C99CA9 /* MergeSort.swift */; };
		52EA6C962A8E13B800C99CA9 /* Algorithm.swift in Sources */ = {isa = PBXBuildFile; fileRef = 52EA6C952A8E13B800C99CA9 /* Algorithm.swift */; };
		52EA6C9B2A8F830E00C99CA9 /* QuickSort.swift in Sources */ = {isa = PBXBuildFile; fileRef = 52EA6C9A2A8F830E00C99CA9 /* QuickSort.swift */; };
		781E536E242CDA6A00CD9544 /* LengthOfLongestSubstring.swift in Sources */ = {isa = PBXBuildFile; fileRef = 781E536D242CDA6A00CD9544 /* LengthOfLongestSubstring.swift */; };
		781E5370242DEC3F00CD9544 /* findMedianSortedArrays.swift in Sources */ = {isa = PBXBuildFile; fileRef = 781E536F242DEC3F00CD9544 /* findMedianSortedArrays.swift */; };
		781E5372242E033800CD9544 /* longestPalindrome.swift in Sources */ = {isa = PBXBuildFile; fileRef = 781E5371242E033800CD9544 /* longestPalindrome.swift */; };
		7831380824506D97009CD387 /* RightSideViewofBinaryTree.swift in Sources */ = {isa = PBXBuildFile; fileRef = 7831380724506D97009CD387 /* RightSideViewofBinaryTree.swift */; };
		7831380A24507075009CD387 /* createBinaryTree.swift in Sources */ = {isa = PBXBuildFile; fileRef = 7831380924507075009CD387 /* createBinaryTree.swift */; };
		78462BF42455263800D68D49 /* mergeKLists.swift in Sources */ = {isa = PBXBuildFile; fileRef = 78462BF32455263800D68D49 /* mergeKLists.swift */; };
		78462BF62455837B00D68D49 /* aCrash.swift in Sources */ = {isa = PBXBuildFile; fileRef = 78462BF52455837B00D68D49 /* aCrash.swift */; };
		784689852424A7E8007FD3D5 /* main.swift in Sources */ = {isa = PBXBuildFile; fileRef = 784689842424A7E8007FD3D5 /* main.swift */; };
		7846898C2424AF8C007FD3D5 /* SumofTwoNum.swift in Sources */ = {isa = PBXBuildFile; fileRef = 7846898B2424AF8C007FD3D5 /* SumofTwoNum.swift */; };
		7846898E2424BB91007FD3D5 /* AddTwoNumber.swift in Sources */ = {isa = PBXBuildFile; fileRef = 7846898D2424BB91007FD3D5 /* AddTwoNumber.swift */; };
		786BCEC7244EC7920072A33D /* isPalindromeNumber.swift in Sources */ = {isa = PBXBuildFile; fileRef = 786BCEC6244EC7920072A33D /* isPalindromeNumber.swift */; };
		786BCEC9244ECF8E0072A33D /* isMatchCustomRegularExpression.swift in Sources */ = {isa = PBXBuildFile; fileRef = 786BCEC8244ECF8E0072A33D /* isMatchCustomRegularExpression.swift */; };
		7891A38624487A8500094FC1 /* convertZString.swift in Sources */ = {isa = PBXBuildFile; fileRef = 7891A38524487A8500094FC1 /* convertZString.swift */; };
		7891A3882449439400094FC1 /* reverseIntNumber.swift in Sources */ = {isa = PBXBuildFile; fileRef = 7891A3872449439400094FC1 /* reverseIntNumber.swift */; };
		7891A38A24494D9D00094FC1 /* myAtoi.swift in Sources */ = {isa = PBXBuildFile; fileRef = 7891A38924494D9D00094FC1 /* myAtoi.swift */; };
		7895B285246D542700157AB7 /* singleNumber.swift in Sources */ = {isa = PBXBuildFile; fileRef = 7895B284246D542700157AB7 /* singleNumber.swift */; };
		7895B287246E359800157AB7 /* subarraySum.swift in Sources */ = {isa = PBXBuildFile; fileRef = 7895B286246E359800157AB7 /* subarraySum.swift */; };
		78A75C352457C7D80084E2A8 /* findSingleNumbers.swift in Sources */ = {isa = PBXBuildFile; fileRef = 78A75C342457C7D80084E2A8 /* findSingleNumbers.swift */; };
		78A75CBA246293130084E2A8 /* mincostTickets.swift in Sources */ = {isa = PBXBuildFile; fileRef = 78A75CB9246293130084E2A8 /* mincostTickets.swift */; };
		78A75CC92466AE9E0084E2A8 /* mySqrt.swift in Sources */ = {isa = PBXBuildFile; fileRef = 78A75CC82466AE9E0084E2A8 /* mySqrt.swift */; };
		78A75CCB2468E1600084E2A8 /* myPow.swift in Sources */ = {isa = PBXBuildFile; fileRef = 78A75CCA2468E1600084E2A8 /* myPow.swift */; };
		78A75CCF246A92850084E2A8 /* minStack.swift in Sources */ = {isa = PBXBuildFile; fileRef = 78A75CCE246A92840084E2A8 /* minStack.swift */; };
		B28FB7F62AAF0ADF00A7C5C5 /* scheduleCourse.swift in Sources */ = {isa = PBXBuildFile; fileRef = B28FB7F52AAF0ADF00A7C5C5 /* scheduleCourse.swift */; };
		B28FB7F92AAF295C00A7C5C5 /* LargestHeap.swift in Sources */ = {isa = PBXBuildFile; fileRef = B28FB7F82AAF295C00A7C5C5 /* LargestHeap.swift */; };
		B28FB7FB2AAFFFA600A7C5C5 /* checkIfPrerequisite.swift in Sources */ = {isa = PBXBuildFile; fileRef = B28FB7FA2AAFFFA600A7C5C5 /* checkIfPrerequisite.swift */; };
		B2CD07442AF87647009D996D /* maxProduct.swift in Sources */ = {isa = PBXBuildFile; fileRef = B2CD07432AF87647009D996D /* maxProduct.swift */; };
		B2CD07462AF87D5E009D996D /* removeDuplicates.swift in Sources */ = {isa = PBXBuildFile; fileRef = B2CD07452AF87D5E009D996D /* removeDuplicates.swift */; };
		B2CD07542AF9D808009D996D /* majorityElement.swift in Sources */ = {isa = PBXBuildFile; fileRef = B2CD07532AF9D808009D996D /* majorityElement.swift */; };
		B2CD07582AF9E00E009D996D /* rotateArray.swift in Sources */ = {isa = PBXBuildFile; fileRef = B2CD07572AF9E00E009D996D /* rotateArray.swift */; };
		B2D4C9A32AF4B1AC004E545F /* connectRoot.swift in Sources */ = {isa = PBXBuildFile; fileRef = B2D4C9A22AF4B1AC004E545F /* connectRoot.swift */; };
		B2D4C9A52AF4C234004E545F /* Queue.swift in Sources */ = {isa = PBXBuildFile; fileRef = B2D4C9A42AF4C234004E545F /* Queue.swift */; };
		B2F4174D2AAAB5E600E9A9FB /* findDelayedArrivalTime.swift in Sources */ = {isa = PBXBuildFile; fileRef = B2F4174C2AAAB5E600E9A9FB /* findDelayedArrivalTime.swift */; };
		B2FBFCB72AA70AB6008F5440 /* minNumber.swift in Sources */ = {isa = PBXBuildFile; fileRef = B2FBFCB62AA70AB6008F5440 /* minNumber.swift */; };
		B2FBFCB92AA8644E008F5440 /* lcaDeepestLeaves.swift in Sources */ = {isa = PBXBuildFile; fileRef = B2FBFCB82AA8644E008F5440 /* lcaDeepestLeaves.swift */; };
/* End PBXBuildFile section */

/* Begin PBXCopyFilesBuildPhase section */
		7846897F2424A7E8007FD3D5 /* CopyFiles */ = {
			isa = PBXCopyFilesBuildPhase;
			buildActionMask = 2147483647;
			dstPath = /usr/share/man/man1/;
			dstSubfolderSpec = 0;
			files = (
			);
			runOnlyForDeploymentPostprocessing = 1;
		};
/* End PBXCopyFilesBuildPhase section */

/* Begin PBXFileReference section */
		523F7C1829127F1700AA53D4 /* isMatch2.swift */ = {isa = PBXFileReference; fileEncoding = 4; lastKnownFileType = sourcecode.swift; path = isMatch2.swift; sourceTree = "<group>"; };
		523F7C1B29127F4600AA53D4 /* String+Extension.swift */ = {isa = PBXFileReference; lastKnownFileType = sourcecode.swift; path = "String+Extension.swift"; sourceTree = "<group>"; };
		523F7C1D291280DA00AA53D4 /* bestCoordinate.swift */ = {isa = PBXFileReference; lastKnownFileType = sourcecode.swift; path = bestCoordinate.swift; sourceTree = "<group>"; };
		523F7C1F2913668F00AA53D4 /* maxRepeating.swift */ = {isa = PBXFileReference; lastKnownFileType = sourcecode.swift; path = maxRepeating.swift; sourceTree = "<group>"; };
		524D85022A98AA55004A6ACB /* goodNodes.swift */ = {isa = PBXFileReference; lastKnownFileType = sourcecode.swift; path = goodNodes.swift; sourceTree = "<group>"; };
		524D85062A9C8E5A004A6ACB /* insertIntervals.swift */ = {isa = PBXFileReference; lastKnownFileType = sourcecode.swift; path = insertIntervals.swift; sourceTree = "<group>"; };
		5267AD932A936CB30067B386 /* SortChecking.swift */ = {isa = PBXFileReference; lastKnownFileType = sourcecode.swift; path = SortChecking.swift; sourceTree = "<group>"; };
		5267AD9B2A94A3860067B386 /* maxDistToClosest.swift */ = {isa = PBXFileReference; lastKnownFileType = sourcecode.swift; path = maxDistToClosest.swift; sourceTree = "<group>"; };
		5267ADBB2A9753760067B386 /* countPairs.swift */ = {isa = PBXFileReference; lastKnownFileType = sourcecode.swift; path = countPairs.swift; sourceTree = "<group>"; };
		5267ADBF2A9763A80067B386 /* BinarySearch.swift */ = {isa = PBXFileReference; lastKnownFileType = sourcecode.swift; path = BinarySearch.swift; sourceTree = "<group>"; };
		5286D8F829225124004FD91C /* splitArraySameAverage.swift */ = {isa = PBXFileReference; lastKnownFileType = sourcecode.swift; path = splitArraySameAverage.swift; sourceTree = "<group>"; };
		529E3105291374FD00585962 /* generateParenthesis.swift */ = {isa = PBXFileReference; lastKnownFileType = sourcecode.swift; path = generateParenthesis.swift; sourceTree = "<group>"; };
		529E31072913CC8A00585962 /* intToRoman.swift */ = {isa = PBXFileReference; lastKnownFileType = sourcecode.swift; path = intToRoman.swift; sourceTree = "<group>"; };
		52EA6C802A8A36B900C99CA9 /* MergeTrees.swift */ = {isa = PBXFileReference; lastKnownFileType = sourcecode.swift; path = MergeTrees.swift; sourceTree = "<group>"; };
		52EA6C862A8B582900C99CA9 /* findReplaceString.swift */ = {isa = PBXFileReference; lastKnownFileType = sourcecode.swift; path = findReplaceString.swift; sourceTree = "<group>"; };
		52EA6C882A8B713700C99CA9 /* longestValidParentheses.swift */ = {isa = PBXFileReference; lastKnownFileType = sourcecode.swift; path = longestValidParentheses.swift; sourceTree = "<group>"; };
		52EA6C8F2A8CE76400C99CA9 /* MergeSort.swift */ = {isa = PBXFileReference; lastKnownFileType = sourcecode.swift; path = MergeSort.swift; sourceTree = "<group>"; };
		52EA6C952A8E13B800C99CA9 /* Algorithm.swift */ = {isa = PBXFileReference; lastKnownFileType = sourcecode.swift; path = Algorithm.swift; sourceTree = "<group>"; };
		52EA6C9A2A8F830E00C99CA9 /* QuickSort.swift */ = {isa = PBXFileReference; lastKnownFileType = sourcecode.swift; path = QuickSort.swift; sourceTree = "<group>"; };
		781E536D242CDA6A00CD9544 /* LengthOfLongestSubstring.swift */ = {isa = PBXFileReference; lastKnownFileType = sourcecode.swift; path = LengthOfLongestSubstring.swift; sourceTree = "<group>"; };
		781E536F242DEC3F00CD9544 /* findMedianSortedArrays.swift */ = {isa = PBXFileReference; lastKnownFileType = sourcecode.swift; path = findMedianSortedArrays.swift; sourceTree = "<group>"; };
		781E5371242E033800CD9544 /* longestPalindrome.swift */ = {isa = PBXFileReference; lastKnownFileType = sourcecode.swift; path = longestPalindrome.swift; sourceTree = "<group>"; };
		7831380724506D97009CD387 /* RightSideViewofBinaryTree.swift */ = {isa = PBXFileReference; lastKnownFileType = sourcecode.swift; path = RightSideViewofBinaryTree.swift; sourceTree = "<group>"; };
		7831380924507075009CD387 /* createBinaryTree.swift */ = {isa = PBXFileReference; lastKnownFileType = sourcecode.swift; path = createBinaryTree.swift; sourceTree = "<group>"; };
		78462BF32455263800D68D49 /* mergeKLists.swift */ = {isa = PBXFileReference; lastKnownFileType = sourcecode.swift; path = mergeKLists.swift; sourceTree = "<group>"; };
		78462BF52455837B00D68D49 /* aCrash.swift */ = {isa = PBXFileReference; lastKnownFileType = sourcecode.swift; path = aCrash.swift; sourceTree = "<group>"; };
		784689812424A7E8007FD3D5 /* AlgorithmDemo */ = {isa = PBXFileReference; explicitFileType = "compiled.mach-o.executable"; includeInIndex = 0; path = AlgorithmDemo; sourceTree = BUILT_PRODUCTS_DIR; };
		784689842424A7E8007FD3D5 /* main.swift */ = {isa = PBXFileReference; lastKnownFileType = sourcecode.swift; path = main.swift; sourceTree = "<group>"; };
		7846898B2424AF8C007FD3D5 /* SumofTwoNum.swift */ = {isa = PBXFileReference; lastKnownFileType = sourcecode.swift; path = SumofTwoNum.swift; sourceTree = "<group>"; };
		7846898D2424BB91007FD3D5 /* AddTwoNumber.swift */ = {isa = PBXFileReference; lastKnownFileType = sourcecode.swift; path = AddTwoNumber.swift; sourceTree = "<group>"; };
		786BCEC6244EC7920072A33D /* isPalindromeNumber.swift */ = {isa = PBXFileReference; lastKnownFileType = sourcecode.swift; path = isPalindromeNumber.swift; sourceTree = "<group>"; };
		786BCEC8244ECF8E0072A33D /* isMatchCustomRegularExpression.swift */ = {isa = PBXFileReference; lastKnownFileType = sourcecode.swift; path = isMatchCustomRegularExpression.swift; sourceTree = "<group>"; };
		7891A38524487A8500094FC1 /* convertZString.swift */ = {isa = PBXFileReference; lastKnownFileType = sourcecode.swift; path = convertZString.swift; sourceTree = "<group>"; };
		7891A3872449439400094FC1 /* reverseIntNumber.swift */ = {isa = PBXFileReference; lastKnownFileType = sourcecode.swift; path = reverseIntNumber.swift; sourceTree = "<group>"; };
		7891A38924494D9D00094FC1 /* myAtoi.swift */ = {isa = PBXFileReference; lastKnownFileType = sourcecode.swift; path = myAtoi.swift; sourceTree = "<group>"; };
		7895B284246D542700157AB7 /* singleNumber.swift */ = {isa = PBXFileReference; lastKnownFileType = sourcecode.swift; path = singleNumber.swift; sourceTree = "<group>"; };
		7895B286246E359800157AB7 /* subarraySum.swift */ = {isa = PBXFileReference; lastKnownFileType = sourcecode.swift; path = subarraySum.swift; sourceTree = "<group>"; };
		78A75C342457C7D80084E2A8 /* findSingleNumbers.swift */ = {isa = PBXFileReference; lastKnownFileType = sourcecode.swift; path = findSingleNumbers.swift; sourceTree = "<group>"; };
		78A75CB9246293130084E2A8 /* mincostTickets.swift */ = {isa = PBXFileReference; lastKnownFileType = sourcecode.swift; path = mincostTickets.swift; sourceTree = "<group>"; };
		78A75CC82466AE9E0084E2A8 /* mySqrt.swift */ = {isa = PBXFileReference; lastKnownFileType = sourcecode.swift; path = mySqrt.swift; sourceTree = "<group>"; };
		78A75CCA2468E1600084E2A8 /* myPow.swift */ = {isa = PBXFileReference; lastKnownFileType = sourcecode.swift; path = myPow.swift; sourceTree = "<group>"; };
		78A75CCE246A92840084E2A8 /* minStack.swift */ = {isa = PBXFileReference; lastKnownFileType = sourcecode.swift; path = minStack.swift; sourceTree = "<group>"; };
		B28FB7F52AAF0ADF00A7C5C5 /* scheduleCourse.swift */ = {isa = PBXFileReference; lastKnownFileType = sourcecode.swift; path = scheduleCourse.swift; sourceTree = "<group>"; };
		B28FB7F82AAF295C00A7C5C5 /* LargestHeap.swift */ = {isa = PBXFileReference; lastKnownFileType = sourcecode.swift; path = LargestHeap.swift; sourceTree = "<group>"; };
		B28FB7FA2AAFFFA600A7C5C5 /* checkIfPrerequisite.swift */ = {isa = PBXFileReference; lastKnownFileType = sourcecode.swift; path = checkIfPrerequisite.swift; sourceTree = "<group>"; };
		B2CD07432AF87647009D996D /* maxProduct.swift */ = {isa = PBXFileReference; lastKnownFileType = sourcecode.swift; path = maxProduct.swift; sourceTree = "<group>"; };
		B2CD07452AF87D5E009D996D /* removeDuplicates.swift */ = {isa = PBXFileReference; lastKnownFileType = sourcecode.swift; path = removeDuplicates.swift; sourceTree = "<group>"; };
		B2CD07532AF9D808009D996D /* majorityElement.swift */ = {isa = PBXFileReference; lastKnownFileType = sourcecode.swift; path = majorityElement.swift; sourceTree = "<group>"; };
		B2CD07572AF9E00E009D996D /* rotateArray.swift */ = {isa = PBXFileReference; lastKnownFileType = sourcecode.swift; path = rotateArray.swift; sourceTree = "<group>"; };
		B2D4C9A22AF4B1AC004E545F /* connectRoot.swift */ = {isa = PBXFileReference; lastKnownFileType = sourcecode.swift; path = connectRoot.swift; sourceTree = "<group>"; };
		B2D4C9A42AF4C234004E545F /* Queue.swift */ = {isa = PBXFileReference; lastKnownFileType = sourcecode.swift; path = Queue.swift; sourceTree = "<group>"; };
		B2F4174C2AAAB5E600E9A9FB /* findDelayedArrivalTime.swift */ = {isa = PBXFileReference; lastKnownFileType = sourcecode.swift; path = findDelayedArrivalTime.swift; sourceTree = "<group>"; };
		B2FBFCB62AA70AB6008F5440 /* minNumber.swift */ = {isa = PBXFileReference; lastKnownFileType = sourcecode.swift; path = minNumber.swift; sourceTree = "<group>"; };
		B2FBFCB82AA8644E008F5440 /* lcaDeepestLeaves.swift */ = {isa = PBXFileReference; lastKnownFileType = sourcecode.swift; path = lcaDeepestLeaves.swift; sourceTree = "<group>"; };
/* End PBXFileReference section */

/* Begin PBXFrameworksBuildPhase section */
		7846897E2424A7E8007FD3D5 /* Frameworks */ = {
			isa = PBXFrameworksBuildPhase;
			buildActionMask = 2147483647;
			files = (
			);
			runOnlyForDeploymentPostprocessing = 0;
		};
/* End PBXFrameworksBuildPhase section */

/* Begin PBXGroup section */
		523F7C1A29127F4600AA53D4 /* Extension */ = {
			isa = PBXGroup;
			children = (
				523F7C1B29127F4600AA53D4 /* String+Extension.swift */,
			);
			path = Extension;
			sourceTree = "<group>";
		};
		5267ADBD2A975A920067B386 /* Execute */ = {
			isa = PBXGroup;
			children = (
				52EA6C952A8E13B800C99CA9 /* Algorithm.swift */,
			);
			path = Execute;
			sourceTree = "<group>";
		};
		5267ADBE2A9763750067B386 /* Query */ = {
			isa = PBXGroup;
			children = (
				5267ADBF2A9763A80067B386 /* BinarySearch.swift */,
			);
			path = Query;
			sourceTree = "<group>";
		};
		52EA6C8E2A8CE75400C99CA9 /* Sort */ = {
			isa = PBXGroup;
			children = (
				52EA6C8F2A8CE76400C99CA9 /* MergeSort.swift */,
				52EA6C9A2A8F830E00C99CA9 /* QuickSort.swift */,
				5267AD932A936CB30067B386 /* SortChecking.swift */,
			);
			path = Sort;
			sourceTree = "<group>";
		};
		52EA6C972A8E144E00C99CA9 /* Main */ = {
			isa = PBXGroup;
			children = (
				784689842424A7E8007FD3D5 /* main.swift */,
			);
			path = Main;
			sourceTree = "<group>";
		};
		784689782424A7E8007FD3D5 = {
			isa = PBXGroup;
			children = (
				B28FB7F72AAF294600A7C5C5 /* DataStructure */,
				5267ADBE2A9763750067B386 /* Query */,
				52EA6C972A8E144E00C99CA9 /* Main */,
				52EA6C8E2A8CE75400C99CA9 /* Sort */,
				784689832424A7E8007FD3D5 /* AlgorithmDemo */,
				784689822424A7E8007FD3D5 /* Products */,
			);
			sourceTree = "<group>";
		};
		784689822424A7E8007FD3D5 /* Products */ = {
			isa = PBXGroup;
			children = (
				784689812424A7E8007FD3D5 /* AlgorithmDemo */,
			);
			name = Products;
			sourceTree = "<group>";
		};
		784689832424A7E8007FD3D5 /* AlgorithmDemo */ = {
			isa = PBXGroup;
			children = (
				5267ADBD2A975A920067B386 /* Execute */,
				523F7C1A29127F4600AA53D4 /* Extension */,
				523F7C1829127F1700AA53D4 /* isMatch2.swift */,
				7846898B2424AF8C007FD3D5 /* SumofTwoNum.swift */,
				7846898D2424BB91007FD3D5 /* AddTwoNumber.swift */,
				B2CD07432AF87647009D996D /* maxProduct.swift */,
				781E536D242CDA6A00CD9544 /* LengthOfLongestSubstring.swift */,
				781E536F242DEC3F00CD9544 /* findMedianSortedArrays.swift */,
				781E5371242E033800CD9544 /* longestPalindrome.swift */,
				7891A38524487A8500094FC1 /* convertZString.swift */,
				B2CD07452AF87D5E009D996D /* removeDuplicates.swift */,
				B2CD07532AF9D808009D996D /* majorityElement.swift */,
				B2CD07572AF9E00E009D996D /* rotateArray.swift */,
				529E31072913CC8A00585962 /* intToRoman.swift */,
				5286D8F829225124004FD91C /* splitArraySameAverage.swift */,
				52EA6C802A8A36B900C99CA9 /* MergeTrees.swift */,
				B2FBFCB62AA70AB6008F5440 /* minNumber.swift */,
				B2FBFCB82AA8644E008F5440 /* lcaDeepestLeaves.swift */,
				B2F4174C2AAAB5E600E9A9FB /* findDelayedArrivalTime.swift */,
				52EA6C862A8B582900C99CA9 /* findReplaceString.swift */,
				52EA6C882A8B713700C99CA9 /* longestValidParentheses.swift */,
				7891A3872449439400094FC1 /* reverseIntNumber.swift */,
				7891A38924494D9D00094FC1 /* myAtoi.swift */,
				786BCEC6244EC7920072A33D /* isPalindromeNumber.swift */,
				786BCEC8244ECF8E0072A33D /* isMatchCustomRegularExpression.swift */,
				7831380724506D97009CD387 /* RightSideViewofBinaryTree.swift */,
				7831380924507075009CD387 /* createBinaryTree.swift */,
				78462BF32455263800D68D49 /* mergeKLists.swift */,
				78462BF52455837B00D68D49 /* aCrash.swift */,
				78A75C342457C7D80084E2A8 /* findSingleNumbers.swift */,
				78A75CB9246293130084E2A8 /* mincostTickets.swift */,
				78A75CC82466AE9E0084E2A8 /* mySqrt.swift */,
				78A75CCA2468E1600084E2A8 /* myPow.swift */,
				78A75CCE246A92840084E2A8 /* minStack.swift */,
				B28FB7F52AAF0ADF00A7C5C5 /* scheduleCourse.swift */,
				B28FB7FA2AAFFFA600A7C5C5 /* checkIfPrerequisite.swift */,
				7895B284246D542700157AB7 /* singleNumber.swift */,
				7895B286246E359800157AB7 /* subarraySum.swift */,
				523F7C1D291280DA00AA53D4 /* bestCoordinate.swift */,
				523F7C1F2913668F00AA53D4 /* maxRepeating.swift */,
				529E3105291374FD00585962 /* generateParenthesis.swift */,
				5267AD9B2A94A3860067B386 /* maxDistToClosest.swift */,
				5267ADBB2A9753760067B386 /* countPairs.swift */,
				524D85022A98AA55004A6ACB /* goodNodes.swift */,
				524D85062A9C8E5A004A6ACB /* insertIntervals.swift */,
				B2D4C9A22AF4B1AC004E545F /* connectRoot.swift */,
			);
			path = AlgorithmDemo;
			sourceTree = "<group>";
		};
		B28FB7F72AAF294600A7C5C5 /* DataStructure */ = {
			isa = PBXGroup;
			children = (
				B28FB7F82AAF295C00A7C5C5 /* LargestHeap.swift */,
				B2D4C9A42AF4C234004E545F /* Queue.swift */,
			);
			path = DataStructure;
			sourceTree = "<group>";
		};
/* End PBXGroup section */

/* Begin PBXNativeTarget section */
		784689802424A7E8007FD3D5 /* AlgorithmDemo */ = {
			isa = PBXNativeTarget;
			buildConfigurationList = 784689882424A7E8007FD3D5 /* Build configuration list for PBXNativeTarget "AlgorithmDemo" */;
			buildPhases = (
				7846897D2424A7E8007FD3D5 /* Sources */,
				7846897E2424A7E8007FD3D5 /* Frameworks */,
				7846897F2424A7E8007FD3D5 /* CopyFiles */,
			);
			buildRules = (
			);
			dependencies = (
			);
			name = AlgorithmDemo;
			productName = AlgorithmDemo;
			productReference = 784689812424A7E8007FD3D5 /* AlgorithmDemo */;
			productType = "com.apple.product-type.tool";
		};
/* End PBXNativeTarget section */

/* Begin PBXProject section */
		784689792424A7E8007FD3D5 /* Project object */ = {
			isa = PBXProject;
			attributes = {
				LastSwiftUpdateCheck = 1130;
				LastUpgradeCheck = 1130;
				ORGANIZATIONNAME = "王嘉宁";
				TargetAttributes = {
					784689802424A7E8007FD3D5 = {
						CreatedOnToolsVersion = 11.3;
					};
				};
			};
			buildConfigurationList = 7846897C2424A7E8007FD3D5 /* Build configuration list for PBXProject "AlgorithmDemo" */;
			compatibilityVersion = "Xcode 9.3";
			developmentRegion = en;
			hasScannedForEncodings = 0;
			knownRegions = (
				en,
				Base,
			);
			mainGroup = 784689782424A7E8007FD3D5;
			productRefGroup = 784689822424A7E8007FD3D5 /* Products */;
			projectDirPath = "";
			projectRoot = "";
			targets = (
				784689802424A7E8007FD3D5 /* AlgorithmDemo */,
			);
		};
/* End PBXProject section */

/* Begin PBXSourcesBuildPhase section */
		7846897D2424A7E8007FD3D5 /* Sources */ = {
			isa = PBXSourcesBuildPhase;
			buildActionMask = 2147483647;
			files = (
				52EA6C902A8CE76400C99CA9 /* MergeSort.swift in Sources */,
				B28FB7F92AAF295C00A7C5C5 /* LargestHeap.swift in Sources */,
				523F7C1C29127F7B00AA53D4 /* String+Extension.swift in Sources */,
				523F7C1E291280DA00AA53D4 /* bestCoordinate.swift in Sources */,
				5286D8F929225124004FD91C /* splitArraySameAverage.swift in Sources */,
				7895B285246D542700157AB7 /* singleNumber.swift in Sources */,
				B2CD07582AF9E00E009D996D /* rotateArray.swift in Sources */,
				7831380A24507075009CD387 /* createBinaryTree.swift in Sources */,
				78A75C352457C7D80084E2A8 /* findSingleNumbers.swift in Sources */,
				52EA6C892A8B713700C99CA9 /* longestValidParentheses.swift in Sources */,
				52EA6C812A8A36B900C99CA9 /* MergeTrees.swift in Sources */,
				7846898C2424AF8C007FD3D5 /* SumofTwoNum.swift in Sources */,
				78462BF42455263800D68D49 /* mergeKLists.swift in Sources */,
				7891A38A24494D9D00094FC1 /* myAtoi.swift in Sources */,
				B2F4174D2AAAB5E600E9A9FB /* findDelayedArrivalTime.swift in Sources */,
				B28FB7F62AAF0ADF00A7C5C5 /* scheduleCourse.swift in Sources */,
				524D85032A98AA55004A6ACB /* goodNodes.swift in Sources */,
				5267AD9C2A94A3860067B386 /* maxDistToClosest.swift in Sources */,
				7891A3882449439400094FC1 /* reverseIntNumber.swift in Sources */,
				B2CD07442AF87647009D996D /* maxProduct.swift in Sources */,
				5267ADC02A9763A80067B386 /* BinarySearch.swift in Sources */,
				781E5372242E033800CD9544 /* longestPalindrome.swift in Sources */,
				529E31082913CC8A00585962 /* intToRoman.swift in Sources */,
				524D85072A9C8E5A004A6ACB /* insertIntervals.swift in Sources */,
				786BCEC9244ECF8E0072A33D /* isMatchCustomRegularExpression.swift in Sources */,
				52EA6C9B2A8F830E00C99CA9 /* QuickSort.swift in Sources */,
				781E536E242CDA6A00CD9544 /* LengthOfLongestSubstring.swift in Sources */,
				7846898E2424BB91007FD3D5 /* AddTwoNumber.swift in Sources */,
				B2FBFCB92AA8644E008F5440 /* lcaDeepestLeaves.swift in Sources */,
				784689852424A7E8007FD3D5 /* main.swift in Sources */,
				529E3106291374FD00585962 /* generateParenthesis.swift in Sources */,
				5267AD942A936CB30067B386 /* SortChecking.swift in Sources */,
				B28FB7FB2AAFFFA600A7C5C5 /* checkIfPrerequisite.swift in Sources */,
				5267ADBC2A9753760067B386 /* countPairs.swift in Sources */,
				B2CD07542AF9D808009D996D /* majorityElement.swift in Sources */,
				78A75CBA246293130084E2A8 /* mincostTickets.swift in Sources */,
				52EA6C962A8E13B800C99CA9 /* Algorithm.swift in Sources */,
				52EA6C872A8B582900C99CA9 /* findReplaceString.swift in Sources */,
				78A75CCB2468E1600084E2A8 /* myPow.swift in Sources */,
				B2D4C9A52AF4C234004E545F /* Queue.swift in Sources */,
				781E5370242DEC3F00CD9544 /* findMedianSortedArrays.swift in Sources */,
				7891A38624487A8500094FC1 /* convertZString.swift in Sources */,
				B2CD07462AF87D5E009D996D /* removeDuplicates.swift in Sources */,
				78A75CCF246A92850084E2A8 /* minStack.swift in Sources */,
				78462BF62455837B00D68D49 /* aCrash.swift in Sources */,
				523F7C202913668F00AA53D4 /* maxRepeating.swift in Sources */,
				7895B287246E359800157AB7 /* subarraySum.swift in Sources */,
				B2D4C9A32AF4B1AC004E545F /* connectRoot.swift in Sources */,
				523F7C1929127F1700AA53D4 /* isMatch2.swift in Sources */,
				7831380824506D97009CD387 /* RightSideViewofBinaryTree.swift in Sources */,
				B2FBFCB72AA70AB6008F5440 /* minNumber.swift in Sources */,
				786BCEC7244EC7920072A33D /* isPalindromeNumber.swift in Sources */,
				78A75CC92466AE9E0084E2A8 /* mySqrt.swift in Sources */,
			);
			runOnlyForDeploymentPostprocessing = 0;
		};
/* End PBXSourcesBuildPhase section */

/* Begin XCBuildConfiguration section */
		784689862424A7E8007FD3D5 /* Debug */ = {
			isa = XCBuildConfiguration;
			buildSettings = {
				ALWAYS_SEARCH_USER_PATHS = NO;
				CLANG_ANALYZER_NONNULL = YES;
				CLANG_ANALYZER_NUMBER_OBJECT_CONVERSION = YES_AGGRESSIVE;
				CLANG_CXX_LANGUAGE_STANDARD = "gnu++14";
				CLANG_CXX_LIBRARY = "libc++";
				CLANG_ENABLE_MODULES = YES;
				CLANG_ENABLE_OBJC_ARC = YES;
				CLANG_ENABLE_OBJC_WEAK = YES;
				CLANG_WARN_BLOCK_CAPTURE_AUTORELEASING = YES;
				CLANG_WARN_BOOL_CONVERSION = YES;
				CLANG_WARN_COMMA = YES;
				CLANG_WARN_CONSTANT_CONVERSION = YES;
				CLANG_WARN_DEPRECATED_OBJC_IMPLEMENTATIONS = YES;
				CLANG_WARN_DIRECT_OBJC_ISA_USAGE = YES_ERROR;
				CLANG_WARN_DOCUMENTATION_COMMENTS = YES;
				CLANG_WARN_EMPTY_BODY = YES;
				CLANG_WARN_ENUM_CONVERSION = YES;
				CLANG_WARN_INFINITE_RECURSION = YES;
				CLANG_WARN_INT_CONVERSION = YES;
				CLANG_WARN_NON_LITERAL_NULL_CONVERSION = YES;
				CLANG_WARN_OBJC_IMPLICIT_RETAIN_SELF = YES;
				CLANG_WARN_OBJC_LITERAL_CONVERSION = YES;
				CLANG_WARN_OBJC_ROOT_CLASS = YES_ERROR;
				CLANG_WARN_RANGE_LOOP_ANALYSIS = YES;
				CLANG_WARN_STRICT_PROTOTYPES = YES;
				CLANG_WARN_SUSPICIOUS_MOVE = YES;
				CLANG_WARN_UNGUARDED_AVAILABILITY = YES_AGGRESSIVE;
				CLANG_WARN_UNREACHABLE_CODE = YES;
				CLANG_WARN__DUPLICATE_METHOD_MATCH = YES;
				COPY_PHASE_STRIP = NO;
				DEBUG_INFORMATION_FORMAT = dwarf;
				ENABLE_STRICT_OBJC_MSGSEND = YES;
				ENABLE_TESTABILITY = YES;
				GCC_C_LANGUAGE_STANDARD = gnu11;
				GCC_DYNAMIC_NO_PIC = NO;
				GCC_NO_COMMON_BLOCKS = YES;
				GCC_OPTIMIZATION_LEVEL = 0;
				GCC_PREPROCESSOR_DEFINITIONS = (
					"DEBUG=1",
					"$(inherited)",
				);
				GCC_WARN_64_TO_32_BIT_CONVERSION = YES;
				GCC_WARN_ABOUT_RETURN_TYPE = YES_ERROR;
				GCC_WARN_UNDECLARED_SELECTOR = YES;
				GCC_WARN_UNINITIALIZED_AUTOS = YES_AGGRESSIVE;
				GCC_WARN_UNUSED_FUNCTION = YES;
				GCC_WARN_UNUSED_VARIABLE = YES;
				MACOSX_DEPLOYMENT_TARGET = 10.15;
				MTL_ENABLE_DEBUG_INFO = INCLUDE_SOURCE;
				MTL_FAST_MATH = YES;
				ONLY_ACTIVE_ARCH = YES;
				SDKROOT = macosx;
				SWIFT_ACTIVE_COMPILATION_CONDITIONS = DEBUG;
				SWIFT_OPTIMIZATION_LEVEL = "-Onone";
			};
			name = Debug;
		};
		784689872424A7E8007FD3D5 /* Release */ = {
			isa = XCBuildConfiguration;
			buildSettings = {
				ALWAYS_SEARCH_USER_PATHS = NO;
				CLANG_ANALYZER_NONNULL = YES;
				CLANG_ANALYZER_NUMBER_OBJECT_CONVERSION = YES_AGGRESSIVE;
				CLANG_CXX_LANGUAGE_STANDARD = "gnu++14";
				CLANG_CXX_LIBRARY = "libc++";
				CLANG_ENABLE_MODULES = YES;
				CLANG_ENABLE_OBJC_ARC = YES;
				CLANG_ENABLE_OBJC_WEAK = YES;
				CLANG_WARN_BLOCK_CAPTURE_AUTORELEASING = YES;
				CLANG_WARN_BOOL_CONVERSION = YES;
				CLANG_WARN_COMMA = YES;
				CLANG_WARN_CONSTANT_CONVERSION = YES;
				CLANG_WARN_DEPRECATED_OBJC_IMPLEMENTATIONS = YES;
				CLANG_WARN_DIRECT_OBJC_ISA_USAGE = YES_ERROR;
				CLANG_WARN_DOCUMENTATION_COMMENTS = YES;
				CLANG_WARN_EMPTY_BODY = YES;
				CLANG_WARN_ENUM_CONVERSION = YES;
				CLANG_WARN_INFINITE_RECURSION = YES;
				CLANG_WARN_INT_CONVERSION = YES;
				CLANG_WARN_NON_LITERAL_NULL_CONVERSION = YES;
				CLANG_WARN_OBJC_IMPLICIT_RETAIN_SELF = YES;
				CLANG_WARN_OBJC_LITERAL_CONVERSION = YES;
				CLANG_WARN_OBJC_ROOT_CLASS = YES_ERROR;
				CLANG_WARN_RANGE_LOOP_ANALYSIS = YES;
				CLANG_WARN_STRICT_PROTOTYPES = YES;
				CLANG_WARN_SUSPICIOUS_MOVE = YES;
				CLANG_WARN_UNGUARDED_AVAILABILITY = YES_AGGRESSIVE;
				CLANG_WARN_UNREACHABLE_CODE = YES;
				CLANG_WARN__DUPLICATE_METHOD_MATCH = YES;
				COPY_PHASE_STRIP = NO;
				DEBUG_INFORMATION_FORMAT = "dwarf-with-dsym";
				ENABLE_NS_ASSERTIONS = NO;
				ENABLE_STRICT_OBJC_MSGSEND = YES;
				GCC_C_LANGUAGE_STANDARD = gnu11;
				GCC_NO_COMMON_BLOCKS = YES;
				GCC_WARN_64_TO_32_BIT_CONVERSION = YES;
				GCC_WARN_ABOUT_RETURN_TYPE = YES_ERROR;
				GCC_WARN_UNDECLARED_SELECTOR = YES;
				GCC_WARN_UNINITIALIZED_AUTOS = YES_AGGRESSIVE;
				GCC_WARN_UNUSED_FUNCTION = YES;
				GCC_WARN_UNUSED_VARIABLE = YES;
				MACOSX_DEPLOYMENT_TARGET = 10.15;
				MTL_ENABLE_DEBUG_INFO = NO;
				MTL_FAST_MATH = YES;
				SDKROOT = macosx;
				SWIFT_COMPILATION_MODE = wholemodule;
				SWIFT_OPTIMIZATION_LEVEL = "-O";
			};
			name = Release;
		};
		784689892424A7E8007FD3D5 /* Debug */ = {
			isa = XCBuildConfiguration;
			buildSettings = {
				CODE_SIGN_STYLE = Automatic;
				PRODUCT_NAME = "$(TARGET_NAME)";
				SWIFT_VERSION = 5.0;
			};
			name = Debug;
		};
		7846898A2424A7E8007FD3D5 /* Release */ = {
			isa = XCBuildConfiguration;
			buildSettings = {
				CODE_SIGN_STYLE = Automatic;
				PRODUCT_NAME = "$(TARGET_NAME)";
				SWIFT_VERSION = 5.0;
			};
			name = Release;
		};
/* End XCBuildConfiguration section */

/* Begin XCConfigurationList section */
		7846897C2424A7E8007FD3D5 /* Build configuration list for PBXProject "AlgorithmDemo" */ = {
			isa = XCConfigurationList;
			buildConfigurations = (
				784689862424A7E8007FD3D5 /* Debug */,
				784689872424A7E8007FD3D5 /* Release */,
			);
			defaultConfigurationIsVisible = 0;
			defaultConfigurationName = Release;
		};
		784689882424A7E8007FD3D5 /* Build configuration list for PBXNativeTarget "AlgorithmDemo" */ = {
			isa = XCConfigurationList;
			buildConfigurations = (
				784689892424A7E8007FD3D5 /* Debug */,
				7846898A2424A7E8007FD3D5 /* Release */,
			);
			defaultConfigurationIsVisible = 0;
			defaultConfigurationName = Release;
		};
/* End XCConfigurationList section */
	};
	rootObject = 784689792424A7E8007FD3D5 /* Project object */;
}
